
Microsoft Visual Studio Solution File, Format Version 12.00
# Visual Studio 15
VisualStudioVersion = 15.0.28010.2041
MinimumVisualStudioVersion = 10.0.40219.1
Project("{2150E333-8FDC-42A3-9474-1A3956D46DE8}") = "CoreLibs", "CoreLibs", "{6C2E35F8-487C-4C3E-8D1F-789A49D5A2FB}"
EndProject
Project("{2150E333-8FDC-42A3-9474-1A3956D46DE8}") = "Foundation", "Foundation", "{A1E85055-D59E-488D-BBB9-82FFDFAC572B}"
EndProject
Project("{2150E333-8FDC-42A3-9474-1A3956D46DE8}") = "xClients", "xClients", "{63393817-05C8-46FA-BD71-9996D88450E2}"
EndProject
Project("{9A19103F-16F7-4668-BE54-9A1E7A4F7556}") = "GhostCore", "GhostCore\GhostCore.csproj", "{1C303A94-6033-4E65-A8AE-B9CBB03A9B68}"
EndProject
Project("{FAE04EC0-301F-11D3-BF4B-00C04F79EFBC}") = "GhostCore.UWP", "GhostCore.UWP\GhostCore.UWP.csproj", "{CBC5AC88-C4DE-415A-B319-0FB1CA65C5F9}"
EndProject
Project("{FAE04EC0-301F-11D3-BF4B-00C04F79EFBC}") = "Foundation.Core", "Foundation.Core\Foundation.Core.csproj", "{1A421E99-8FD8-436A-BE55-86081E327A4E}"
EndProject
Project("{FAE04EC0-301F-11D3-BF4B-00C04F79EFBC}") = "Foundation.Data", "Foundation.Data\Foundation.Data.csproj", "{E400CAC7-29A0-4A60-B46D-4ADFC9D0AAD3}"
EndProject
Project("{FAE04EC0-301F-11D3-BF4B-00C04F79EFBC}") = "Foundation.Controls", "Foundation.Controls\Foundation.Controls.csproj", "{23BBB88D-0B1A-4FEF-A68C-F165102652AC}"
EndProject
Project("{FAE04EC0-301F-11D3-BF4B-00C04F79EFBC}") = "Foundation.Networking", "Foundation.Networking\Foundation.Networking.csproj", "{4AA49CD5-6599-4225-A772-A9640D0D1A6C}"
EndProject
Project("{9A19103F-16F7-4668-BE54-9A1E7A4F7556}") = "Foundation.Shared", "Foundation.Shared\Foundation.Shared.csproj", "{01647C8A-9E5C-4095-8D31-65B406788417}"
EndProject
Project("{FAE04EC0-301F-11D3-BF4B-00C04F79EFBC}") = "Foundation.Workspace", "Foundation.Workspace\Foundation.Workspace.csproj", "{E9FDF705-EA4E-4D80-9E16-BD66DA21FA51}"
EndProject
Project("{FAE04EC0-301F-11D3-BF4B-00C04F79EFBC}") = "Foundation.Clients.MableArch.Controls", "Foundation.Clients.MableArch.Controls\Foundation.Clients.MableArch.Controls.csproj", "{F48D8D08-E7AB-422B-BAD2-CBA284AC497C}"
EndProject
Project("{FAE04EC0-301F-11D3-BF4B-00C04F79EFBC}") = "Foundation.Client", "Foundation.Client\Foundation.Client.csproj", "{EE261128-403E-4757-B91E-9EAAE005A1B4}"
EndProject
Global
	GlobalSection(SolutionConfigurationPlatforms) = preSolution
		Debug|Any CPU = Debug|Any CPU
		Debug|ARM = Debug|ARM
		Debug|ARM64 = Debug|ARM64
		Debug|x64 = Debug|x64
		Debug|x86 = Debug|x86
		Release|Any CPU = Release|Any CPU
		Release|ARM = Release|ARM
		Release|ARM64 = Release|ARM64
		Release|x64 = Release|x64
		Release|x86 = Release|x86
	EndGlobalSection
	GlobalSection(ProjectConfigurationPlatforms) = postSolution
		{1C303A94-6033-4E65-A8AE-B9CBB03A9B68}.Debug|Any CPU.ActiveCfg = Debug|Any CPU
		{1C303A94-6033-4E65-A8AE-B9CBB03A9B68}.Debug|Any CPU.Build.0 = Debug|Any CPU
		{1C303A94-6033-4E65-A8AE-B9CBB03A9B68}.Debug|ARM.ActiveCfg = Debug|Any CPU
		{1C303A94-6033-4E65-A8AE-B9CBB03A9B68}.Debug|ARM.Build.0 = Debug|Any CPU
		{1C303A94-6033-4E65-A8AE-B9CBB03A9B68}.Debug|ARM64.ActiveCfg = Debug|Any CPU
		{1C303A94-6033-4E65-A8AE-B9CBB03A9B68}.Debug|ARM64.Build.0 = Debug|Any CPU
		{1C303A94-6033-4E65-A8AE-B9CBB03A9B68}.Debug|x64.ActiveCfg = Debug|Any CPU
		{1C303A94-6033-4E65-A8AE-B9CBB03A9B68}.Debug|x64.Build.0 = Debug|Any CPU
		{1C303A94-6033-4E65-A8AE-B9CBB03A9B68}.Debug|x86.ActiveCfg = Debug|Any CPU
		{1C303A94-6033-4E65-A8AE-B9CBB03A9B68}.Debug|x86.Build.0 = Debug|Any CPU
		{1C303A94-6033-4E65-A8AE-B9CBB03A9B68}.Release|Any CPU.ActiveCfg = Release|Any CPU
		{1C303A94-6033-4E65-A8AE-B9CBB03A9B68}.Release|Any CPU.Build.0 = Release|Any CPU
		{1C303A94-6033-4E65-A8AE-B9CBB03A9B68}.Release|ARM.ActiveCfg = Release|Any CPU
		{1C303A94-6033-4E65-A8AE-B9CBB03A9B68}.Release|ARM.Build.0 = Release|Any CPU
		{1C303A94-6033-4E65-A8AE-B9CBB03A9B68}.Release|ARM64.ActiveCfg = Release|Any CPU
		{1C303A94-6033-4E65-A8AE-B9CBB03A9B68}.Release|ARM64.Build.0 = Release|Any CPU
		{1C303A94-6033-4E65-A8AE-B9CBB03A9B68}.Release|x64.ActiveCfg = Release|Any CPU
		{1C303A94-6033-4E65-A8AE-B9CBB03A9B68}.Release|x64.Build.0 = Release|Any CPU
		{1C303A94-6033-4E65-A8AE-B9CBB03A9B68}.Release|x86.ActiveCfg = Release|Any CPU
		{1C303A94-6033-4E65-A8AE-B9CBB03A9B68}.Release|x86.Build.0 = Release|Any CPU
		{CBC5AC88-C4DE-415A-B319-0FB1CA65C5F9}.Debug|Any CPU.ActiveCfg = Debug|Any CPU
		{CBC5AC88-C4DE-415A-B319-0FB1CA65C5F9}.Debug|Any CPU.Build.0 = Debug|Any CPU
		{CBC5AC88-C4DE-415A-B319-0FB1CA65C5F9}.Debug|ARM.ActiveCfg = Debug|ARM
		{CBC5AC88-C4DE-415A-B319-0FB1CA65C5F9}.Debug|ARM.Build.0 = Debug|ARM
		{CBC5AC88-C4DE-415A-B319-0FB1CA65C5F9}.Debug|ARM64.ActiveCfg = Debug|Any CPU
		{CBC5AC88-C4DE-415A-B319-0FB1CA65C5F9}.Debug|ARM64.Build.0 = Debug|Any CPU
		{CBC5AC88-C4DE-415A-B319-0FB1CA65C5F9}.Debug|x64.ActiveCfg = Debug|x64
		{CBC5AC88-C4DE-415A-B319-0FB1CA65C5F9}.Debug|x64.Build.0 = Debug|x64
		{CBC5AC88-C4DE-415A-B319-0FB1CA65C5F9}.Debug|x86.ActiveCfg = Debug|x86
		{CBC5AC88-C4DE-415A-B319-0FB1CA65C5F9}.Debug|x86.Build.0 = Debug|x86
		{CBC5AC88-C4DE-415A-B319-0FB1CA65C5F9}.Release|Any CPU.ActiveCfg = Release|Any CPU
		{CBC5AC88-C4DE-415A-B319-0FB1CA65C5F9}.Release|Any CPU.Build.0 = Release|Any CPU
		{CBC5AC88-C4DE-415A-B319-0FB1CA65C5F9}.Release|ARM.ActiveCfg = Release|ARM
		{CBC5AC88-C4DE-415A-B319-0FB1CA65C5F9}.Release|ARM.Build.0 = Release|ARM
		{CBC5AC88-C4DE-415A-B319-0FB1CA65C5F9}.Release|ARM64.ActiveCfg = Release|Any CPU
		{CBC5AC88-C4DE-415A-B319-0FB1CA65C5F9}.Release|ARM64.Build.0 = Release|Any CPU
		{CBC5AC88-C4DE-415A-B319-0FB1CA65C5F9}.Release|x64.ActiveCfg = Release|x64
		{CBC5AC88-C4DE-415A-B319-0FB1CA65C5F9}.Release|x64.Build.0 = Release|x64
		{CBC5AC88-C4DE-415A-B319-0FB1CA65C5F9}.Release|x86.ActiveCfg = Release|x86
		{CBC5AC88-C4DE-415A-B319-0FB1CA65C5F9}.Release|x86.Build.0 = Release|x86
		{1A421E99-8FD8-436A-BE55-86081E327A4E}.Debug|Any CPU.ActiveCfg = Debug|Any CPU
		{1A421E99-8FD8-436A-BE55-86081E327A4E}.Debug|Any CPU.Build.0 = Debug|Any CPU
		{1A421E99-8FD8-436A-BE55-86081E327A4E}.Debug|ARM.ActiveCfg = Debug|ARM
		{1A421E99-8FD8-436A-BE55-86081E327A4E}.Debug|ARM.Build.0 = Debug|ARM
		{1A421E99-8FD8-436A-BE55-86081E327A4E}.Debug|ARM64.ActiveCfg = Debug|Any CPU
		{1A421E99-8FD8-436A-BE55-86081E327A4E}.Debug|ARM64.Build.0 = Debug|Any CPU
		{1A421E99-8FD8-436A-BE55-86081E327A4E}.Debug|x64.ActiveCfg = Debug|x64
		{1A421E99-8FD8-436A-BE55-86081E327A4E}.Debug|x64.Build.0 = Debug|x64
		{1A421E99-8FD8-436A-BE55-86081E327A4E}.Debug|x86.ActiveCfg = Debug|x86
		{1A421E99-8FD8-436A-BE55-86081E327A4E}.Debug|x86.Build.0 = Debug|x86
		{1A421E99-8FD8-436A-BE55-86081E327A4E}.Release|Any CPU.ActiveCfg = Release|Any CPU
		{1A421E99-8FD8-436A-BE55-86081E327A4E}.Release|Any CPU.Build.0 = Release|Any CPU
		{1A421E99-8FD8-436A-BE55-86081E327A4E}.Release|ARM.ActiveCfg = Release|ARM
		{1A421E99-8FD8-436A-BE55-86081E327A4E}.Release|ARM.Build.0 = Release|ARM
		{1A421E99-8FD8-436A-BE55-86081E327A4E}.Release|ARM64.ActiveCfg = Release|Any CPU
		{1A421E99-8FD8-436A-BE55-86081E327A4E}.Release|ARM64.Build.0 = Release|Any CPU
		{1A421E99-8FD8-436A-BE55-86081E327A4E}.Release|x64.ActiveCfg = Release|x64
		{1A421E99-8FD8-436A-BE55-86081E327A4E}.Release|x64.Build.0 = Release|x64
		{1A421E99-8FD8-436A-BE55-86081E327A4E}.Release|x86.ActiveCfg = Release|x86
		{1A421E99-8FD8-436A-BE55-86081E327A4E}.Release|x86.Build.0 = Release|x86
		{E400CAC7-29A0-4A60-B46D-4ADFC9D0AAD3}.Debug|Any CPU.ActiveCfg = Debug|Any CPU
		{E400CAC7-29A0-4A60-B46D-4ADFC9D0AAD3}.Debug|Any CPU.Build.0 = Debug|Any CPU
		{E400CAC7-29A0-4A60-B46D-4ADFC9D0AAD3}.Debug|ARM.ActiveCfg = Debug|ARM
		{E400CAC7-29A0-4A60-B46D-4ADFC9D0AAD3}.Debug|ARM.Build.0 = Debug|ARM
		{E400CAC7-29A0-4A60-B46D-4ADFC9D0AAD3}.Debug|ARM64.ActiveCfg = Debug|Any CPU
		{E400CAC7-29A0-4A60-B46D-4ADFC9D0AAD3}.Debug|ARM64.Build.0 = Debug|Any CPU
		{E400CAC7-29A0-4A60-B46D-4ADFC9D0AAD3}.Debug|x64.ActiveCfg = Debug|x64
		{E400CAC7-29A0-4A60-B46D-4ADFC9D0AAD3}.Debug|x64.Build.0 = Debug|x64
		{E400CAC7-29A0-4A60-B46D-4ADFC9D0AAD3}.Debug|x86.ActiveCfg = Debug|x86
		{E400CAC7-29A0-4A60-B46D-4ADFC9D0AAD3}.Debug|x86.Build.0 = Debug|x86
		{E400CAC7-29A0-4A60-B46D-4ADFC9D0AAD3}.Release|Any CPU.ActiveCfg = Release|Any CPU
		{E400CAC7-29A0-4A60-B46D-4ADFC9D0AAD3}.Release|Any CPU.Build.0 = Release|Any CPU
		{E400CAC7-29A0-4A60-B46D-4ADFC9D0AAD3}.Release|ARM.ActiveCfg = Release|ARM
		{E400CAC7-29A0-4A60-B46D-4ADFC9D0AAD3}.Release|ARM.Build.0 = Release|ARM
		{E400CAC7-29A0-4A60-B46D-4ADFC9D0AAD3}.Release|ARM64.ActiveCfg = Release|Any CPU
		{E400CAC7-29A0-4A60-B46D-4ADFC9D0AAD3}.Release|ARM64.Build.0 = Release|Any CPU
		{E400CAC7-29A0-4A60-B46D-4ADFC9D0AAD3}.Release|x64.ActiveCfg = Release|x64
		{E400CAC7-29A0-4A60-B46D-4ADFC9D0AAD3}.Release|x64.Build.0 = Release|x64
		{E400CAC7-29A0-4A60-B46D-4ADFC9D0AAD3}.Release|x86.ActiveCfg = Release|x86
		{E400CAC7-29A0-4A60-B46D-4ADFC9D0AAD3}.Release|x86.Build.0 = Release|x86
		{23BBB88D-0B1A-4FEF-A68C-F165102652AC}.Debug|Any CPU.ActiveCfg = Debug|Any CPU
		{23BBB88D-0B1A-4FEF-A68C-F165102652AC}.Debug|Any CPU.Build.0 = Debug|Any CPU
		{23BBB88D-0B1A-4FEF-A68C-F165102652AC}.Debug|ARM.ActiveCfg = Debug|ARM
		{23BBB88D-0B1A-4FEF-A68C-F165102652AC}.Debug|ARM.Build.0 = Debug|ARM
		{23BBB88D-0B1A-4FEF-A68C-F165102652AC}.Debug|ARM64.ActiveCfg = Debug|Any CPU
		{23BBB88D-0B1A-4FEF-A68C-F165102652AC}.Debug|ARM64.Build.0 = Debug|Any CPU
		{23BBB88D-0B1A-4FEF-A68C-F165102652AC}.Debug|x64.ActiveCfg = Debug|x64
		{23BBB88D-0B1A-4FEF-A68C-F165102652AC}.Debug|x64.Build.0 = Debug|x64
		{23BBB88D-0B1A-4FEF-A68C-F165102652AC}.Debug|x86.ActiveCfg = Debug|x86
		{23BBB88D-0B1A-4FEF-A68C-F165102652AC}.Debug|x86.Build.0 = Debug|x86
		{23BBB88D-0B1A-4FEF-A68C-F165102652AC}.Release|Any CPU.ActiveCfg = Release|Any CPU
		{23BBB88D-0B1A-4FEF-A68C-F165102652AC}.Release|Any CPU.Build.0 = Release|Any CPU
		{23BBB88D-0B1A-4FEF-A68C-F165102652AC}.Release|ARM.ActiveCfg = Release|ARM
		{23BBB88D-0B1A-4FEF-A68C-F165102652AC}.Release|ARM.Build.0 = Release|ARM
		{23BBB88D-0B1A-4FEF-A68C-F165102652AC}.Release|ARM64.ActiveCfg = Release|Any CPU
		{23BBB88D-0B1A-4FEF-A68C-F165102652AC}.Release|ARM64.Build.0 = Release|Any CPU
		{23BBB88D-0B1A-4FEF-A68C-F165102652AC}.Release|x64.ActiveCfg = Release|x64
		{23BBB88D-0B1A-4FEF-A68C-F165102652AC}.Release|x64.Build.0 = Release|x64
		{23BBB88D-0B1A-4FEF-A68C-F165102652AC}.Release|x86.ActiveCfg = Release|x86
		{23BBB88D-0B1A-4FEF-A68C-F165102652AC}.Release|x86.Build.0 = Release|x86
		{4AA49CD5-6599-4225-A772-A9640D0D1A6C}.Debug|Any CPU.ActiveCfg = Debug|Any CPU
		{4AA49CD5-6599-4225-A772-A9640D0D1A6C}.Debug|Any CPU.Build.0 = Debug|Any CPU
		{4AA49CD5-6599-4225-A772-A9640D0D1A6C}.Debug|ARM.ActiveCfg = Debug|ARM
		{4AA49CD5-6599-4225-A772-A9640D0D1A6C}.Debug|ARM.Build.0 = Debug|ARM
		{4AA49CD5-6599-4225-A772-A9640D0D1A6C}.Debug|ARM64.ActiveCfg = Debug|Any CPU
		{4AA49CD5-6599-4225-A772-A9640D0D1A6C}.Debug|ARM64.Build.0 = Debug|Any CPU
		{4AA49CD5-6599-4225-A772-A9640D0D1A6C}.Debug|x64.ActiveCfg = Debug|x64
		{4AA49CD5-6599-4225-A772-A9640D0D1A6C}.Debug|x64.Build.0 = Debug|x64
		{4AA49CD5-6599-4225-A772-A9640D0D1A6C}.Debug|x86.ActiveCfg = Debug|x86
		{4AA49CD5-6599-4225-A772-A9640D0D1A6C}.Debug|x86.Build.0 = Debug|x86
		{4AA49CD5-6599-4225-A772-A9640D0D1A6C}.Release|Any CPU.ActiveCfg = Release|Any CPU
		{4AA49CD5-6599-4225-A772-A9640D0D1A6C}.Release|Any CPU.Build.0 = Release|Any CPU
		{4AA49CD5-6599-4225-A772-A9640D0D1A6C}.Release|ARM.ActiveCfg = Release|ARM
		{4AA49CD5-6599-4225-A772-A9640D0D1A6C}.Release|ARM.Build.0 = Release|ARM
		{4AA49CD5-6599-4225-A772-A9640D0D1A6C}.Release|ARM64.ActiveCfg = Release|Any CPU
		{4AA49CD5-6599-4225-A772-A9640D0D1A6C}.Release|ARM64.Build.0 = Release|Any CPU
		{4AA49CD5-6599-4225-A772-A9640D0D1A6C}.Release|x64.ActiveCfg = Release|x64
		{4AA49CD5-6599-4225-A772-A9640D0D1A6C}.Release|x64.Build.0 = Release|x64
		{4AA49CD5-6599-4225-A772-A9640D0D1A6C}.Release|x86.ActiveCfg = Release|x86
		{4AA49CD5-6599-4225-A772-A9640D0D1A6C}.Release|x86.Build.0 = Release|x86
		{01647C8A-9E5C-4095-8D31-65B406788417}.Debug|Any CPU.ActiveCfg = Debug|Any CPU
		{01647C8A-9E5C-4095-8D31-65B406788417}.Debug|Any CPU.Build.0 = Debug|Any CPU
		{01647C8A-9E5C-4095-8D31-65B406788417}.Debug|ARM.ActiveCfg = Debug|Any CPU
		{01647C8A-9E5C-4095-8D31-65B406788417}.Debug|ARM.Build.0 = Debug|Any CPU
		{01647C8A-9E5C-4095-8D31-65B406788417}.Debug|ARM64.ActiveCfg = Debug|Any CPU
		{01647C8A-9E5C-4095-8D31-65B406788417}.Debug|ARM64.Build.0 = Debug|Any CPU
		{01647C8A-9E5C-4095-8D31-65B406788417}.Debug|x64.ActiveCfg = Debug|Any CPU
		{01647C8A-9E5C-4095-8D31-65B406788417}.Debug|x64.Build.0 = Debug|Any CPU
		{01647C8A-9E5C-4095-8D31-65B406788417}.Debug|x86.ActiveCfg = Debug|Any CPU
		{01647C8A-9E5C-4095-8D31-65B406788417}.Debug|x86.Build.0 = Debug|Any CPU
		{01647C8A-9E5C-4095-8D31-65B406788417}.Release|Any CPU.ActiveCfg = Release|Any CPU
		{01647C8A-9E5C-4095-8D31-65B406788417}.Release|Any CPU.Build.0 = Release|Any CPU
		{01647C8A-9E5C-4095-8D31-65B406788417}.Release|ARM.ActiveCfg = Release|Any CPU
		{01647C8A-9E5C-4095-8D31-65B406788417}.Release|ARM.Build.0 = Release|Any CPU
		{01647C8A-9E5C-4095-8D31-65B406788417}.Release|ARM64.ActiveCfg = Release|Any CPU
		{01647C8A-9E5C-4095-8D31-65B406788417}.Release|ARM64.Build.0 = Release|Any CPU
		{01647C8A-9E5C-4095-8D31-65B406788417}.Release|x64.ActiveCfg = Release|Any CPU
		{01647C8A-9E5C-4095-8D31-65B406788417}.Release|x64.Build.0 = Release|Any CPU
		{01647C8A-9E5C-4095-8D31-65B406788417}.Release|x86.ActiveCfg = Release|Any CPU
		{01647C8A-9E5C-4095-8D31-65B406788417}.Release|x86.Build.0 = Release|Any CPU
		{E9FDF705-EA4E-4D80-9E16-BD66DA21FA51}.Debug|Any CPU.ActiveCfg = Debug|Any CPU
		{E9FDF705-EA4E-4D80-9E16-BD66DA21FA51}.Debug|Any CPU.Build.0 = Debug|Any CPU
		{E9FDF705-EA4E-4D80-9E16-BD66DA21FA51}.Debug|ARM.ActiveCfg = Debug|ARM
		{E9FDF705-EA4E-4D80-9E16-BD66DA21FA51}.Debug|ARM.Build.0 = Debug|ARM
		{E9FDF705-EA4E-4D80-9E16-BD66DA21FA51}.Debug|ARM64.ActiveCfg = Debug|Any CPU
		{E9FDF705-EA4E-4D80-9E16-BD66DA21FA51}.Debug|ARM64.Build.0 = Debug|Any CPU
		{E9FDF705-EA4E-4D80-9E16-BD66DA21FA51}.Debug|x64.ActiveCfg = Debug|x64
		{E9FDF705-EA4E-4D80-9E16-BD66DA21FA51}.Debug|x64.Build.0 = Debug|x64
		{E9FDF705-EA4E-4D80-9E16-BD66DA21FA51}.Debug|x86.ActiveCfg = Debug|x86
		{E9FDF705-EA4E-4D80-9E16-BD66DA21FA51}.Debug|x86.Build.0 = Debug|x86
		{E9FDF705-EA4E-4D80-9E16-BD66DA21FA51}.Release|Any CPU.ActiveCfg = Release|Any CPU
		{E9FDF705-EA4E-4D80-9E16-BD66DA21FA51}.Release|Any CPU.Build.0 = Release|Any CPU
		{E9FDF705-EA4E-4D80-9E16-BD66DA21FA51}.Release|ARM.ActiveCfg = Release|ARM
		{E9FDF705-EA4E-4D80-9E16-BD66DA21FA51}.Release|ARM.Build.0 = Release|ARM
		{E9FDF705-EA4E-4D80-9E16-BD66DA21FA51}.Release|ARM64.ActiveCfg = Release|Any CPU
		{E9FDF705-EA4E-4D80-9E16-BD66DA21FA51}.Release|ARM64.Build.0 = Release|Any CPU
		{E9FDF705-EA4E-4D80-9E16-BD66DA21FA51}.Release|x64.ActiveCfg = Release|x64
		{E9FDF705-EA4E-4D80-9E16-BD66DA21FA51}.Release|x64.Build.0 = Release|x64
		{E9FDF705-EA4E-4D80-9E16-BD66DA21FA51}.Release|x86.ActiveCfg = Release|x86
		{E9FDF705-EA4E-4D80-9E16-BD66DA21FA51}.Release|x86.Build.0 = Release|x86
		{F48D8D08-E7AB-422B-BAD2-CBA284AC497C}.Debug|Any CPU.ActiveCfg = Debug|Any CPU
		{F48D8D08-E7AB-422B-BAD2-CBA284AC497C}.Debug|Any CPU.Build.0 = Debug|Any CPU
		{F48D8D08-E7AB-422B-BAD2-CBA284AC497C}.Debug|ARM.ActiveCfg = Debug|ARM
		{F48D8D08-E7AB-422B-BAD2-CBA284AC497C}.Debug|ARM.Build.0 = Debug|ARM
		{F48D8D08-E7AB-422B-BAD2-CBA284AC497C}.Debug|ARM64.ActiveCfg = Debug|Any CPU
		{F48D8D08-E7AB-422B-BAD2-CBA284AC497C}.Debug|ARM64.Build.0 = Debug|Any CPU
		{F48D8D08-E7AB-422B-BAD2-CBA284AC497C}.Debug|x64.ActiveCfg = Debug|x64
		{F48D8D08-E7AB-422B-BAD2-CBA284AC497C}.Debug|x64.Build.0 = Debug|x64
		{F48D8D08-E7AB-422B-BAD2-CBA284AC497C}.Debug|x86.ActiveCfg = Debug|x86
		{F48D8D08-E7AB-422B-BAD2-CBA284AC497C}.Debug|x86.Build.0 = Debug|x86
		{F48D8D08-E7AB-422B-BAD2-CBA284AC497C}.Release|Any CPU.ActiveCfg = Release|Any CPU
		{F48D8D08-E7AB-422B-BAD2-CBA284AC497C}.Release|Any CPU.Build.0 = Release|Any CPU
		{F48D8D08-E7AB-422B-BAD2-CBA284AC497C}.Release|ARM.ActiveCfg = Release|ARM
		{F48D8D08-E7AB-422B-BAD2-CBA284AC497C}.Release|ARM.Build.0 = Release|ARM
		{F48D8D08-E7AB-422B-BAD2-CBA284AC497C}.Release|ARM64.ActiveCfg = Release|Any CPU
		{F48D8D08-E7AB-422B-BAD2-CBA284AC497C}.Release|ARM64.Build.0 = Release|Any CPU
		{F48D8D08-E7AB-422B-BAD2-CBA284AC497C}.Release|x64.ActiveCfg = Release|x64
		{F48D8D08-E7AB-422B-BAD2-CBA284AC497C}.Release|x64.Build.0 = Release|x64
		{F48D8D08-E7AB-422B-BAD2-CBA284AC497C}.Release|x86.ActiveCfg = Release|x86
		{F48D8D08-E7AB-422B-BAD2-CBA284AC497C}.Release|x86.Build.0 = Release|x86
		{EE261128-403E-4757-B91E-9EAAE005A1B4}.Debug|Any CPU.ActiveCfg = Debug|x86
		{EE261128-403E-4757-B91E-9EAAE005A1B4}.Debug|Any CPU.Build.0 = Debug|x86
		{EE261128-403E-4757-B91E-9EAAE005A1B4}.Debug|Any CPU.Deploy.0 = Debug|x86
		{EE261128-403E-4757-B91E-9EAAE005A1B4}.Debug|ARM.ActiveCfg = Debug|ARM
		{EE261128-403E-4757-B91E-9EAAE005A1B4}.Debug|ARM.Build.0 = Debug|ARM
		{EE261128-403E-4757-B91E-9EAAE005A1B4}.Debug|ARM.Deploy.0 = Debug|ARM
		{EE261128-403E-4757-B91E-9EAAE005A1B4}.Debug|ARM64.ActiveCfg = Debug|ARM64
		{EE261128-403E-4757-B91E-9EAAE005A1B4}.Debug|ARM64.Build.0 = Debug|ARM64
		{EE261128-403E-4757-B91E-9EAAE005A1B4}.Debug|ARM64.Deploy.0 = Debug|ARM64
		{EE261128-403E-4757-B91E-9EAAE005A1B4}.Debug|x64.ActiveCfg = Debug|x64
		{EE261128-403E-4757-B91E-9EAAE005A1B4}.Debug|x64.Build.0 = Debug|x64
		{EE261128-403E-4757-B91E-9EAAE005A1B4}.Debug|x64.Deploy.0 = Debug|x64
		{EE261128-403E-4757-B91E-9EAAE005A1B4}.Debug|x86.ActiveCfg = Debug|x86
		{EE261128-403E-4757-B91E-9EAAE005A1B4}.Debug|x86.Build.0 = Debug|x86
		{EE261128-403E-4757-B91E-9EAAE005A1B4}.Debug|x86.Deploy.0 = Debug|x86
		{EE261128-403E-4757-B91E-9EAAE005A1B4}.Release|Any CPU.ActiveCfg = Release|x86
		{EE261128-403E-4757-B91E-9EAAE005A1B4}.Release|ARM.ActiveCfg = Release|ARM
		{EE261128-403E-4757-B91E-9EAAE005A1B4}.Release|ARM.Build.0 = Release|ARM
		{EE261128-403E-4757-B91E-9EAAE005A1B4}.Release|ARM.Deploy.0 = Release|ARM
		{EE261128-403E-4757-B91E-9EAAE005A1B4}.Release|ARM64.ActiveCfg = Release|ARM64
		{EE261128-403E-4757-B91E-9EAAE005A1B4}.Release|ARM64.Build.0 = Release|ARM64
		{EE261128-403E-4757-B91E-9EAAE005A1B4}.Release|ARM64.Deploy.0 = Release|ARM64
		{EE261128-403E-4757-B91E-9EAAE005A1B4}.Release|x64.ActiveCfg = Release|x64
		{EE261128-403E-4757-B91E-9EAAE005A1B4}.Release|x64.Build.0 = Release|x64
		{EE261128-403E-4757-B91E-9EAAE005A1B4}.Release|x64.Deploy.0 = Release|x64
		{EE261128-403E-4757-B91E-9EAAE005A1B4}.Release|x86.ActiveCfg = Release|x86
		{EE261128-403E-4757-B91E-9EAAE005A1B4}.Release|x86.Build.0 = Release|x86
		{EE261128-403E-4757-B91E-9EAAE005A1B4}.Release|x86.Deploy.0 = Release|x86
	EndGlobalSection
	GlobalSection(SolutionProperties) = preSolution
		HideSolutionNode = FALSE
	EndGlobalSection
	GlobalSection(NestedProjects) = preSolution
		{1C303A94-6033-4E65-A8AE-B9CBB03A9B68} = {6C2E35F8-487C-4C3E-8D1F-789A49D5A2FB}
		{CBC5AC88-C4DE-415A-B319-0FB1CA65C5F9} = {6C2E35F8-487C-4C3E-8D1F-789A49D5A2FB}
		{1A421E99-8FD8-436A-BE55-86081E327A4E} = {A1E85055-D59E-488D-BBB9-82FFDFAC572B}
		{E400CAC7-29A0-4A60-B46D-4ADFC9D0AAD3} = {A1E85055-D59E-488D-BBB9-82FFDFAC572B}
		{23BBB88D-0B1A-4FEF-A68C-F165102652AC} = {A1E85055-D59E-488D-BBB9-82FFDFAC572B}
		{4AA49CD5-6599-4225-A772-A9640D0D1A6C} = {A1E85055-D59E-488D-BBB9-82FFDFAC572B}
		{01647C8A-9E5C-4095-8D31-65B406788417} = {A1E85055-D59E-488D-BBB9-82FFDFAC572B}
		{E9FDF705-EA4E-4D80-9E16-BD66DA21FA51} = {A1E85055-D59E-488D-BBB9-82FFDFAC572B}
		{F48D8D08-E7AB-422B-BAD2-CBA284AC497C} = {63393817-05C8-46FA-BD71-9996D88450E2}
		{EE261128-403E-4757-B91E-9EAAE005A1B4} = {63393817-05C8-46FA-BD71-9996D88450E2}
	EndGlobalSection
	GlobalSection(ExtensibilityGlobals) = postSolution
		SolutionGuid = {8209BD0B-4FD0-494A-8DDA-FE0375B9F3AF}
	EndGlobalSection
EndGlobal
